
Microsoft Visual Studio Solution File, Format Version 10.00
# Visual C++ Express 2008
Project("{8BC9CEB8-8B4A-11D0-8D11-00A0C91BC942}") = "IOS7CryptGUI", "IOS7CryptGUI\IOS7CryptGUI.vcproj", "{A1F0AF41-BC4E-4CFA-B24E-6DE8122A1CB2}"
EndProject
Global
	GlobalSection(SolutionConfigurationPlatforms) = preSolution
		Debug|Win32 = Debug|Win32
		Release|Win32 = Release|Win32
	EndGlobalSection
	GlobalSection(ProjectConfigurationPlatforms) = postSolution
		{A1F0AF41-BC4E-4CFA-B24E-6DE8122A1CB2}.Debug|Win32.ActiveCfg = Debug|Win32
		{A1F0AF41-BC4E-4CFA-B24E-6DE8122A1CB2}.Debug|Win32.Build.0 = Debug|Win32
		{A1F0AF41-BC4E-4CFA-B24E-6DE8122A1CB2}.Release|Win32.ActiveCfg = Release|Win32
		{A1F0AF41-BC4E-4CFA-B24E-6DE8122A1CB2}.Release|Win32.Build.0 = Release|Win32
	EndGlobalSection
	GlobalSection(SolutionProperties) = preSolution
		HideSolutionNode = FALSE
	EndGlobalSection
EndGlobal
